
Microsoft Visual Studio Solution File, Format Version 12.00
# Visual Studio Version 17
VisualStudioVersion = 17.3.32819.101
MinimumVisualStudioVersion = 10.0.40219.1
Project("{FAE04EC0-301F-11D3-BF4B-00C04F79EFBC}") = "nba-api", "nba-api.csproj", "{E1B52490-C785-4893-BB24-3070B2A87909}"
EndProject
Global
	GlobalSection(SolutionConfigurationPlatforms) = preSolution
		Debug|Any CPU = Debug|Any CPU
		Release|Any CPU = Release|Any CPU
	EndGlobalSection
	GlobalSection(ProjectConfigurationPlatforms) = postSolution
		{E1B52490-C785-4893-BB24-3070B2A87909}.Debug|Any CPU.ActiveCfg = Debug|Any CPU
		{E1B52490-C785-4893-BB24-3070B2A87909}.Debug|Any CPU.Build.0 = Debug|Any CPU
		{E1B52490-C785-4893-BB24-3070B2A87909}.Release|Any CPU.ActiveCfg = Release|Any CPU
		{E1B52490-C785-4893-BB24-3070B2A87909}.Release|Any CPU.Build.0 = Release|Any CPU
	EndGlobalSection
	GlobalSection(SolutionProperties) = preSolution
		HideSolutionNode = FALSE
	EndGlobalSection
	GlobalSection(ExtensibilityGlobals) = postSolution
		SolutionGuid = {3A99B5DF-54AC-4554-B171-40F6B9D0DC74}
	EndGlobalSection
EndGlobal
